
Microsoft Visual Studio Solution File, Format Version 12.00
# Visual Studio 15
VisualStudioVersion = 15.0.28010.2048
MinimumVisualStudioVersion = 10.0.40219.1
Project("{8BC9CEB8-8B4A-11D0-8D11-00A0C91BC942}") = "DX α", "DX α\DX α.vcxproj", "{023E6F66-E529-4EF3-83BF-1A025BF4BABD}"
EndProject
Global
	GlobalSection(SolutionConfigurationPlatforms) = preSolution
		Debug|x64 = Debug|x64
		Debug|x86 = Debug|x86
		Release|x64 = Release|x64
		Release|x86 = Release|x86
	EndGlobalSection
	GlobalSection(ProjectConfigurationPlatforms) = postSolution
		{023E6F66-E529-4EF3-83BF-1A025BF4BABD}.Debug|x64.ActiveCfg = Debug|x64
		{023E6F66-E529-4EF3-83BF-1A025BF4BABD}.Debug|x64.Build.0 = Debug|x64
		{023E6F66-E529-4EF3-83BF-1A025BF4BABD}.Debug|x86.ActiveCfg = Debug|Win32
		{023E6F66-E529-4EF3-83BF-1A025BF4BABD}.Debug|x86.Build.0 = Debug|Win32
		{023E6F66-E529-4EF3-83BF-1A025BF4BABD}.Release|x64.ActiveCfg = Release|x64
		{023E6F66-E529-4EF3-83BF-1A025BF4BABD}.Release|x64.Build.0 = Release|x64
		{023E6F66-E529-4EF3-83BF-1A025BF4BABD}.Release|x86.ActiveCfg = Release|Win32
		{023E6F66-E529-4EF3-83BF-1A025BF4BABD}.Release|x86.Build.0 = Release|Win32
	EndGlobalSection
	GlobalSection(SolutionProperties) = preSolution
		HideSolutionNode = FALSE
	EndGlobalSection
	GlobalSection(ExtensibilityGlobals) = postSolution
		SolutionGuid = {35CAF793-E016-4605-B443-0545D58EC26B}
	EndGlobalSection
EndGlobal
