
Microsoft Visual Studio Solution File, Format Version 12.00
# Visual Studio 15
VisualStudioVersion = 15.0.28010.2048
MinimumVisualStudioVersion = 10.0.40219.1
Project("{8BC9CEB8-8B4A-11D0-8D11-00A0C91BC942}") = "DX21 01", "DX21 01\DX21 01.vcxproj", "{ED0CC63B-66FA-4796-9F70-DE7DC064788D}"
EndProject
Global
	GlobalSection(SolutionConfigurationPlatforms) = preSolution
		Debug|x64 = Debug|x64
		Debug|x86 = Debug|x86
		Release|x64 = Release|x64
		Release|x86 = Release|x86
	EndGlobalSection
	GlobalSection(ProjectConfigurationPlatforms) = postSolution
		{ED0CC63B-66FA-4796-9F70-DE7DC064788D}.Debug|x64.ActiveCfg = Debug|x64
		{ED0CC63B-66FA-4796-9F70-DE7DC064788D}.Debug|x64.Build.0 = Debug|x64
		{ED0CC63B-66FA-4796-9F70-DE7DC064788D}.Debug|x86.ActiveCfg = Debug|Win32
		{ED0CC63B-66FA-4796-9F70-DE7DC064788D}.Debug|x86.Build.0 = Debug|Win32
		{ED0CC63B-66FA-4796-9F70-DE7DC064788D}.Release|x64.ActiveCfg = Release|x64
		{ED0CC63B-66FA-4796-9F70-DE7DC064788D}.Release|x64.Build.0 = Release|x64
		{ED0CC63B-66FA-4796-9F70-DE7DC064788D}.Release|x86.ActiveCfg = Release|Win32
		{ED0CC63B-66FA-4796-9F70-DE7DC064788D}.Release|x86.Build.0 = Release|Win32
	EndGlobalSection
	GlobalSection(SolutionProperties) = preSolution
		HideSolutionNode = FALSE
	EndGlobalSection
	GlobalSection(ExtensibilityGlobals) = postSolution
		SolutionGuid = {7018E70C-E2AA-4088-B7AE-57117BC8BBFA}
	EndGlobalSection
EndGlobal
